
Microsoft Visual Studio Solution File, Format Version 12.00
# Visual Studio Version 17
VisualStudioVersion = 17.0.32014.148
MinimumVisualStudioVersion = 10.0.40219.1
Project("{FAE04EC0-301F-11D3-BF4B-00C04F79EFBC}") = "ProjetoElevador_Documentacao", "ProjetoElevador_Documentacao\ProjetoElevador_Documentacao.csproj", "{02270E6F-B8F7-4D49-B9FB-6998D5A8923F}"
EndProject
Global
	GlobalSection(SolutionConfigurationPlatforms) = preSolution
		Debug|Any CPU = Debug|Any CPU
		Release|Any CPU = Release|Any CPU
	EndGlobalSection
	GlobalSection(ProjectConfigurationPlatforms) = postSolution
		{02270E6F-B8F7-4D49-B9FB-6998D5A8923F}.Debug|Any CPU.ActiveCfg = Debug|Any CPU
		{02270E6F-B8F7-4D49-B9FB-6998D5A8923F}.Debug|Any CPU.Build.0 = Debug|Any CPU
		{02270E6F-B8F7-4D49-B9FB-6998D5A8923F}.Release|Any CPU.ActiveCfg = Release|Any CPU
		{02270E6F-B8F7-4D49-B9FB-6998D5A8923F}.Release|Any CPU.Build.0 = Release|Any CPU
	EndGlobalSection
	GlobalSection(SolutionProperties) = preSolution
		HideSolutionNode = FALSE
	EndGlobalSection
	GlobalSection(ExtensibilityGlobals) = postSolution
		SolutionGuid = {BF2DF79E-2EE7-4677-8307-4C7228C4F3EC}
	EndGlobalSection
EndGlobal
